
Microsoft Visual Studio Solution File, Format Version 12.00
# Visual Studio Version 17
VisualStudioVersion = 17.3.32929.385
MinimumVisualStudioVersion = 10.0.40219.1
Project("{FAE04EC0-301F-11D3-BF4B-00C04F79EFBC}") = "Calculate_Area_LIb", "Calculate_Area_LIb\Calculate_Area_LIb.csproj", "{7F656FDE-7E17-4008-B1E2-0B1D765C2046}"
EndProject
Global
	GlobalSection(SolutionConfigurationPlatforms) = preSolution
		Debug|Any CPU = Debug|Any CPU
		Release|Any CPU = Release|Any CPU
	EndGlobalSection
	GlobalSection(ProjectConfigurationPlatforms) = postSolution
		{7F656FDE-7E17-4008-B1E2-0B1D765C2046}.Debug|Any CPU.ActiveCfg = Debug|Any CPU
		{7F656FDE-7E17-4008-B1E2-0B1D765C2046}.Debug|Any CPU.Build.0 = Debug|Any CPU
		{7F656FDE-7E17-4008-B1E2-0B1D765C2046}.Release|Any CPU.ActiveCfg = Release|Any CPU
		{7F656FDE-7E17-4008-B1E2-0B1D765C2046}.Release|Any CPU.Build.0 = Release|Any CPU
	EndGlobalSection
	GlobalSection(SolutionProperties) = preSolution
		HideSolutionNode = FALSE
	EndGlobalSection
	GlobalSection(ExtensibilityGlobals) = postSolution
		SolutionGuid = {1B4D2A20-9A67-492C-B60D-E651D94D77D6}
	EndGlobalSection
EndGlobal
